
Microsoft Visual Studio Solution File, Format Version 12.00
# Visual Studio Version 17
VisualStudioVersion = 17.9.34310.174
MinimumVisualStudioVersion = 10.0.40219.1
Project("{FAE04EC0-301F-11D3-BF4B-00C04F79EFBC}") = "EasySave1.0", "EasySave1.0.csproj", "{929C1C2A-585A-4257-9C49-D6A3C0B87512}"
EndProject
Global
	GlobalSection(SolutionConfigurationPlatforms) = preSolution
		Debug|Any CPU = Debug|Any CPU
		Release|Any CPU = Release|Any CPU
	EndGlobalSection
	GlobalSection(ProjectConfigurationPlatforms) = postSolution
		{929C1C2A-585A-4257-9C49-D6A3C0B87512}.Debug|Any CPU.ActiveCfg = Debug|Any CPU
		{929C1C2A-585A-4257-9C49-D6A3C0B87512}.Debug|Any CPU.Build.0 = Debug|Any CPU
		{929C1C2A-585A-4257-9C49-D6A3C0B87512}.Release|Any CPU.ActiveCfg = Release|Any CPU
		{929C1C2A-585A-4257-9C49-D6A3C0B87512}.Release|Any CPU.Build.0 = Release|Any CPU
	EndGlobalSection
	GlobalSection(SolutionProperties) = preSolution
		HideSolutionNode = FALSE
	EndGlobalSection
	GlobalSection(ExtensibilityGlobals) = postSolution
		SolutionGuid = {E2FBE017-3EAF-4A29-8736-9EA3AFB5FF60}
	EndGlobalSection
EndGlobal
